<?xml version="1.0" encoding="utf-8"?>
<Project ToolsVersion="4.0" xmlns="http://schemas.microsoft.com/developer/msbuild/2003">
  <ItemGroup>
    <Filter Include="Source Files">
      <UniqueIdentifier>{4FC737F1-C7A5-4376-A066-2A32D752A2FF}</UniqueIdentifier>
      <Extensions>cpp;c;cc;cxx;c++;cppm;ixx;def;odl;idl;hpj;bat;asm;asmx</Extensions>
    </Filter>
    <Filter Include="Header Files">
      <UniqueIdentifier>{93995380-89BD-4b04-88EB-625FBE52EBFB}</UniqueIdentifier>
      <Extensions>h;hh;hpp;hxx;h++;hm;inl;inc;ipp;xsd</Extensions>
    </Filter>
    <Filter Include="Resource Files">
      <UniqueIdentifier>{67DA6AB6-F800-4c08-8B7A-83BB121AAD01}</UniqueIdentifier>
      <Extensions>rc;ico;cur;bmp;dlg;rc2;rct;bin;rgs;gif;jpg;jpeg;jpe;resx;tiff;tif;png;wav;mfcribbon-ms</Extensions>
    </Filter>
    <Filter Include="etc">
      <UniqueIdentifier>{fe8b6467-042f-4bdb-ae51-522837484711}</UniqueIdentifier>
    </Filter>
    <Filter Include="build">
      <UniqueIdentifier>{5758e179-3353-48a6-afa3-8f368c667a59}</UniqueIdentifier>
    </Filter>
    <Filter Include="bat">
      <UniqueIdentifier>{54c094e5-71d3-4cfd-80c6-c93df0753197}</UniqueIdentifier>
    </Filter>
  </ItemGroup>
  <ItemGroup>
    <ClCompile Include="main.c">
      <Filter>Source Files</Filter>
    </ClCompile>
    <ClCompile Include="crt0.c">
      <Filter>Source Files</Filter>
    </ClCompile>
    <ClCompile Include="morgio.c">
      <Filter>Source Files</Filter>
    </ClCompile>
  </ItemGroup>
  <ItemGroup>
    <None Include="linker.ld">
      <Filter>etc</Filter>
    </None>
    <None Include="makefile" />
    <None Include="morg.bat">
      <Filter>bat</Filter>
    </None>
    <None Include="morg.S68">
      <Filter>build</Filter>
    </None>
  </ItemGroup>
  <ItemGroup>
    <Text Include="notes.txt" />
  </ItemGroup>
  <ItemGroup>
    <ClInclude Include="crt0.h">
      <Filter>Header Files</Filter>
    </ClInclude>
    <ClInclude Include="main.h">
      <Filter>Header Files</Filter>
    </ClInclude>
    <ClInclude Include="morgio.h">
      <Filter>Header Files</Filter>
    </ClInclude>
  </ItemGroup>
</Project>