<?xml version="1.0" encoding="utf-8"?>
<Project ToolsVersion="4.0" xmlns="http://schemas.microsoft.com/developer/msbuild/2003">
  <ItemGroup>
    <Filter Include="Source Files">
      <UniqueIdentifier>{4FC737F1-C7A5-4376-A066-2A32D752A2FF}</UniqueIdentifier>
      <Extensions>cpp;c;cc;cxx;c++;cppm;ixx;def;odl;idl;hpj;bat;asm;asmx</Extensions>
    </Filter>
    <Filter Include="Header Files">
      <UniqueIdentifier>{93995380-89BD-4b04-88EB-625FBE52EBFB}</UniqueIdentifier>
      <Extensions>h;hh;hpp;hxx;h++;hm;inl;inc;ipp;xsd</Extensions>
    </Filter>
    <Filter Include="Resource Files">
      <UniqueIdentifier>{67DA6AB6-F800-4c08-8B7A-83BB121AAD01}</UniqueIdentifier>
      <Extensions>rc;ico;cur;bmp;dlg;rc2;rct;bin;rgs;gif;jpg;jpeg;jpe;resx;tiff;tif;png;wav;mfcribbon-ms</Extensions>
    </Filter>
    <Filter Include="etc">
      <UniqueIdentifier>{fe8b6467-042f-4bdb-ae51-522837484711}</UniqueIdentifier>
    </Filter>
    <Filter Include="Scripts">
      <UniqueIdentifier>{54c094e5-71d3-4cfd-80c6-c93df0753197}</UniqueIdentifier>
    </Filter>
    <Filter Include="Scripts\Run Sim">
      <UniqueIdentifier>{fcaef679-5f6f-4325-b4f1-df1b9a65938a}</UniqueIdentifier>
    </Filter>
    <Filter Include="Scripts\Deploy HW">
      <UniqueIdentifier>{ece5e9c7-5eea-48ee-a82d-e9cfac4349db}</UniqueIdentifier>
    </Filter>
    <Filter Include="Scripts\Deploy HW\bat">
      <UniqueIdentifier>{f56f5be0-7e46-4b82-963b-d1b7ade01327}</UniqueIdentifier>
    </Filter>
    <Filter Include="Scripts\Deploy HW\vbs">
      <UniqueIdentifier>{138b1233-bd58-44ca-a909-4e199b2bb9ee}</UniqueIdentifier>
    </Filter>
    <Filter Include="Scripts\Input S-Record">
      <UniqueIdentifier>{f0be9949-c587-4e84-b0ed-630eb22ebcb1}</UniqueIdentifier>
    </Filter>
  </ItemGroup>
  <ItemGroup>
    <ClCompile Include="src\commands.c">
      <Filter>Source Files</Filter>
    </ClCompile>
    <ClCompile Include="src\conversions.c">
      <Filter>Source Files</Filter>
    </ClCompile>
    <ClCompile Include="src\crt0.c">
      <Filter>Source Files</Filter>
    </ClCompile>
    <ClCompile Include="src\main.c">
      <Filter>Source Files</Filter>
    </ClCompile>
    <ClCompile Include="src\mem.c">
      <Filter>Source Files</Filter>
    </ClCompile>
    <ClCompile Include="src\morgio.c">
      <Filter>Source Files</Filter>
    </ClCompile>
    <ClCompile Include="src\morglib.c">
      <Filter>Source Files</Filter>
    </ClCompile>
    <ClCompile Include="src\registers.c">
      <Filter>Source Files</Filter>
    </ClCompile>
    <ClCompile Include="src\srec_parser.c">
      <Filter>Source Files</Filter>
    </ClCompile>
    <ClCompile Include="src\test.c">
      <Filter>Source Files</Filter>
    </ClCompile>
  </ItemGroup>
  <ItemGroup>
    <None Include="makefile" />
    <None Include="..\README.md" />
    <None Include="scripts\deploy.bat">
      <Filter>Scripts\Deploy HW\bat</Filter>
    </None>
    <None Include="scripts\impact_nav.vbs">
      <Filter>Scripts\Deploy HW\vbs</Filter>
    </None>
    <None Include="scripts\open_bin_xgpro.vbs">
      <Filter>Scripts\Deploy HW\vbs</Filter>
    </None>
    <None Include="scripts\save_bin.vbs">
      <Filter>Scripts\Deploy HW\vbs</Filter>
    </None>
    <None Include="scripts\srecord.ahk">
      <Filter>Scripts\Input S-Record</Filter>
    </None>
    <None Include="scripts\srecord.exe">
      <Filter>Scripts\Input S-Record</Filter>
    </None>
    <None Include="scripts\morg.bat">
      <Filter>Scripts\Run Sim</Filter>
    </None>
    <None Include="etc\linker.ld">
      <Filter>etc</Filter>
    </None>
  </ItemGroup>
  <ItemGroup>
    <Text Include="notes.txt" />
  </ItemGroup>
  <ItemGroup>
    <ClInclude Include="src\headers\commands.h">
      <Filter>Header Files</Filter>
    </ClInclude>
    <ClInclude Include="src\headers\conversions.h">
      <Filter>Header Files</Filter>
    </ClInclude>
    <ClInclude Include="src\headers\crt0.h">
      <Filter>Header Files</Filter>
    </ClInclude>
    <ClInclude Include="src\headers\envctrl.h">
      <Filter>Header Files</Filter>
    </ClInclude>
    <ClInclude Include="src\headers\main.h">
      <Filter>Header Files</Filter>
    </ClInclude>
    <ClInclude Include="src\headers\mem.h">
      <Filter>Header Files</Filter>
    </ClInclude>
    <ClInclude Include="src\headers\morgio.h">
      <Filter>Header Files</Filter>
    </ClInclude>
    <ClInclude Include="src\headers\morglib.h">
      <Filter>Header Files</Filter>
    </ClInclude>
    <ClInclude Include="src\headers\registers.h">
      <Filter>Header Files</Filter>
    </ClInclude>
    <ClInclude Include="src\headers\srec_parser.h">
      <Filter>Header Files</Filter>
    </ClInclude>
    <ClInclude Include="src\headers\test.h">
      <Filter>Header Files</Filter>
    </ClInclude>
  </ItemGroup>
</Project>